<Solution>
  <Project Path="Capa_Datos/Capa_Datos.csproj" Id="1405a1f7-d568-47dd-8af9-1e194fab7671" />
  <Project Path="Capa_Logica/Capa_Logica.csproj" Id="e448919e-5a08-4750-b30b-cc32672f76f3" />
  <Project Path="Capa_Vistas/Capa_Vistas.csproj" Id="6153df04-dc0d-4278-b9ff-4ab8892c6c04" />
</Solution>